{
  "version": "1.0.0",
  "lockfileVersion": 1,
  "packages": {
    "@agent-relay/setting-up-agent-relay-desktop#claude": {
      "version": "1.1.9",
      "resolved": "https://registry.prpm.dev/api/v1/packages/%40agent-relay%2Fsetting-up-agent-relay-desktop/1.1.9.tar.gz",
      "integrity": "sha256-5995b95ee1e6f059572c1b1c1028b8f9a66ca6b22557d28e66793fd28db268d3",
      "format": "claude",
      "subtype": "skill",
      "sourceFormat": "claude",
      "sourceSubtype": "skill",
      "installedPath": ".claude/skills/setting-up-agent-relay-desktop/SKILL.md"
    },
    "@agent-relay/setting-up-agent-relay-sessions#claude": {
      "version": "0.2.8",
      "resolved": "https://registry.prpm.dev/api/v1/packages/%40agent-relay%2Fsetting-up-agent-relay-sessions/0.2.8.tar.gz",
      "integrity": "sha256-59dee9d4ba51adde445a5c5bb21e6a260ee8b12fd2ca95d531ecb90e03c9b31a",
      "format": "claude",
      "subtype": "skill",
      "sourceFormat": "claude",
      "sourceSubtype": "skill",
      "installedPath": ".claude/skills/setting-up-agent-relay-sessions/SKILL.md"
    },
    "@agent-relay/writing-relayflows#claude": {
      "version": "1.6.2",
      "resolved": "https://registry.prpm.dev/api/v1/packages/%40agent-relay%2Fwriting-relayflows/1.6.2.tar.gz",
      "integrity": "sha256-1b57a97f93f65ef4fc4b2eddadafdedce2d0e7e917bc8efe3d771e8c5d6a431b",
      "format": "claude",
      "subtype": "skill",
      "sourceFormat": "claude",
      "sourceSubtype": "skill",
      "installedPath": ".claude/skills/writing-relayflows/SKILL.md"
    },
    "@agent-relay/signing-in-to-agent-relay-cloud#claude": {
      "version": "0.1.0",
      "resolved": "https://registry.prpm.dev/api/v1/packages/%40agent-relay%2Fsigning-in-to-agent-relay-cloud/0.1.0.tar.gz",
      "integrity": "sha256-6d1413b9793546ce39d686e10c2ac288963919ad5a58b61864a53b75cb154a82",
      "format": "claude",
      "subtype": "skill",
      "sourceFormat": "claude",
      "sourceSubtype": "skill",
      "installedPath": ".claude/skills/signing-in-to-agent-relay-cloud/SKILL.md"
    },
    "@agent-relay/setting-up-agent-relay-flows#claude": {
      "version": "0.1.0",
      "resolved": "https://registry.prpm.dev/api/v1/packages/%40agent-relay%2Fsetting-up-agent-relay-flows/0.1.0.tar.gz",
      "integrity": "sha256-39fe2bbe69f92b0fb1120e40e49263e84c4163bbca11c15b1262d2badf55a206",
      "format": "claude",
      "subtype": "skill",
      "sourceFormat": "claude",
      "sourceSubtype": "skill",
      "installedPath": ".claude/skills/setting-up-agent-relay-flows/SKILL.md"
    }
  },
  "generated": "2026-10-08T16:14:45.506Z"
}