{
  "version": "1.0.0",
  "lockfileVersion": 1,
  "packages": {
    "@agent-relay/setting-up-agent-relay-desktop#claude": {
      "version": "1.1.7",
      "resolved": "https://registry.prpm.dev/api/v1/packages/%40agent-relay%2Fsetting-up-agent-relay-desktop/1.1.7.tar.gz",
      "integrity": "sha256-8dacdacdd3aeafb004b434a5786d2b0803c2d0f951ecc0575d61999a1fc4d572",
      "format": "claude",
      "subtype": "skill",
      "sourceFormat": "claude",
      "sourceSubtype": "skill",
      "installedPath": ".claude/skills/setting-up-agent-relay-desktop/SKILL.md"
    },
    "@agent-relay/setting-up-agent-relay-sessions#claude": {
      "version": "0.2.6",
      "resolved": "https://registry.prpm.dev/api/v1/packages/%40agent-relay%2Fsetting-up-agent-relay-sessions/0.2.6.tar.gz",
      "integrity": "sha256-9488abb24d2f52f39db1700c24cc3f00b2ee4873902fdfc4546400ee957862f7",
      "format": "claude",
      "subtype": "skill",
      "sourceFormat": "claude",
      "sourceSubtype": "skill",
      "installedPath": ".claude/skills/setting-up-agent-relay-sessions/SKILL.md"
    },
    "@agent-relay/writing-relayflows#claude": {
      "version": "1.6.2",
      "resolved": "https://registry.prpm.dev/api/v1/packages/%40agent-relay%2Fwriting-relayflows/1.6.2.tar.gz",
      "integrity": "sha256-1b57a97f93f65ef4fc4b2eddadafdedce2d0e7e917bc8efe3d771e8c5d6a431b",
      "format": "claude",
      "subtype": "skill",
      "sourceFormat": "claude",
      "sourceSubtype": "skill",
      "installedPath": ".claude/skills/writing-relayflows/SKILL.md"
    },
    "@agent-relay/signing-in-to-agent-relay-cloud#claude": {
      "version": "0.1.0",
      "resolved": "https://registry.prpm.dev/api/v1/packages/%40agent-relay%2Fsigning-in-to-agent-relay-cloud/0.1.0.tar.gz",
      "integrity": "sha256-6d1413b9793546ce39d686e10c2ac288963919ad5a58b61864a53b75cb154a82",
      "format": "claude",
      "subtype": "skill",
      "sourceFormat": "claude",
      "sourceSubtype": "skill",
      "installedPath": ".claude/skills/signing-in-to-agent-relay-cloud/SKILL.md"
    },
    "@agent-relay/setting-up-agent-relay-flows#claude": {
      "version": "0.1.0",
      "resolved": "https://registry.prpm.dev/api/v1/packages/%40agent-relay%2Fsetting-up-agent-relay-flows/0.1.0.tar.gz",
      "integrity": "sha256-39fe2bbe69f92b0fb1120e40e49263e84c4163bbca11c15b1262d2badf55a206",
      "format": "claude",
      "subtype": "skill",
      "sourceFormat": "claude",
      "sourceSubtype": "skill",
      "installedPath": ".claude/skills/setting-up-agent-relay-flows/SKILL.md"
    }
  },
  "generated": "2026-10-08T13:36:22.947Z"
}